// !$*UTF8*$!
{
	archiveVersion = 1;
	classes = {
	};
	objectVersion = 56;
	objects = {

/* Begin PBXBuildFile section */
		6BE1A6242A8E2D99004747C1 /* AppDelegate.swift in Sources */ = {isa = PBXBuildFile; fileRef = 6BE1A6232A8E2D99004747C1 /* AppDelegate.swift */; };
		6BE1A6262A8E2D99004747C1 /* SceneDelegate.swift in Sources */ = {isa = PBXBuildFile; fileRef = 6BE1A6252A8E2D99004747C1 /* SceneDelegate.swift */; };
		6BE1A6282A8E2D99004747C1 /* ViewController.swift in Sources */ = {isa = PBXBuildFile; fileRef = 6BE1A6272A8E2D99004747C1 /* ViewController.swift */; };
		6BE1A62B2A8E2D99004747C1 /* Main.storyboard in Resources */ = {isa = PBXBuildFile; fileRef = 6BE1A6292A8E2D99004747C1 /* Main.storyboard */; };
		6BE1A62E2A8E2D99004747C1 /* ypk_case.xcdatamodeld in Sources */ = {isa = PBXBuildFile; fileRef = 6BE1A62C2A8E2D99004747C1 /* ypk_case.xcdatamodeld */; };
		6BE1A6302A8E2D9A004747C1 /* Assets.xcassets in Resources */ = {isa = PBXBuildFile; fileRef = 6BE1A62F2A8E2D9A004747C1 /* Assets.xcassets */; };
		6BE1A6332A8E2D9A004747C1 /* LaunchScreen.storyboard in Resources */ = {isa = PBXBuildFile; fileRef = 6BE1A6312A8E2D9A004747C1 /* LaunchScreen.storyboard */; };
		D2FE60095165B00B53349C14 /* Pods_ypk_case.framework in Frameworks */ = {isa = PBXBuildFile; fileRef = 36D9481659DE8F0A8C0188AD /* Pods_ypk_case.framework */; };
/* End PBXBuildFile section */

/* Begin PBXFileReference section */
		36D9481659DE8F0A8C0188AD /* Pods_ypk_case.framework */ = {isa = PBXFileReference; explicitFileType = wrapper.framework; includeInIndex = 0; path = Pods_ypk_case.framework; sourceTree = BUILT_PRODUCTS_DIR; };
		6BE1A6202A8E2D99004747C1 /* ypk_case.app */ = {isa = PBXFileReference; explicitFileType = wrapper.application; includeInIndex = 0; path = ypk_case.app; sourceTree = BUILT_PRODUCTS_DIR; };
		6BE1A6232A8E2D99004747C1 /* AppDelegate.swift */ = {isa = PBXFileReference; lastKnownFileType = sourcecode.swift; path = AppDelegate.swift; sourceTree = "<group>"; };
		6BE1A6252A8E2D99004747C1 /* SceneDelegate.swift */ = {isa = PBXFileReference; lastKnownFileType = sourcecode.swift; path = SceneDelegate.swift; sourceTree = "<group>"; };
		6BE1A6272A8E2D99004747C1 /* ViewController.swift */ = {isa = PBXFileReference; lastKnownFileType = sourcecode.swift; path = ViewController.swift; sourceTree = "<group>"; };
		6BE1A62A2A8E2D99004747C1 /* Base */ = {isa = PBXFileReference; lastKnownFileType = file.storyboard; name = Base; path = Base.lproj/Main.storyboard; sourceTree = "<group>"; };
		6BE1A62D2A8E2D99004747C1 /* ypk_case.xcdatamodel */ = {isa = PBXFileReference; lastKnownFileType = wrapper.xcdatamodel; path = ypk_case.xcdatamodel; sourceTree = "<group>"; };
		6BE1A62F2A8E2D9A004747C1 /* Assets.xcassets */ = {isa = PBXFileReference; lastKnownFileType = folder.assetcatalog; path = Assets.xcassets; sourceTree = "<group>"; };
		6BE1A6322A8E2D9A004747C1 /* Base */ = {isa = PBXFileReference; lastKnownFileType = file.storyboard; name = Base; path = Base.lproj/LaunchScreen.storyboard; sourceTree = "<group>"; };
		6BE1A6342A8E2D9A004747C1 /* Info.plist */ = {isa = PBXFileReference; lastKnownFileType = text.plist.xml; path = Info.plist; sourceTree = "<group>"; };
		B18F7A5FE6D771152A9E84FE /* Pods-ypk_case.debug.xcconfig */ = {isa = PBXFileReference; includeInIndex = 1; lastKnownFileType = text.xcconfig; name = "Pods-ypk_case.debug.xcconfig"; path = "Target Support Files/Pods-ypk_case/Pods-ypk_case.debug.xcconfig"; sourceTree = "<group>"; };
		B1CDD8D280AF1483A6350494 /* Pods-ypk_case.release.xcconfig */ = {isa = PBXFileReference; includeInIndex = 1; lastKnownFileType = text.xcconfig; name = "Pods-ypk_case.release.xcconfig"; path = "Target Support Files/Pods-ypk_case/Pods-ypk_case.release.xcconfig"; sourceTree = "<group>"; };
/* End PBXFileReference section */

/* Begin PBXFrameworksBuildPhase section */
		6BE1A61D2A8E2D99004747C1 /* Frameworks */ = {
			isa = PBXFrameworksBuildPhase;
			buildActionMask = 2147483647;
			files = (
				D2FE60095165B00B53349C14 /* Pods_ypk_case.framework in Frameworks */,
			);
			runOnlyForDeploymentPostprocessing = 0;
		};
/* End PBXFrameworksBuildPhase section */

/* Begin PBXGroup section */
		32074FCB79C7E808D9E6733D /* Frameworks */ = {
			isa = PBXGroup;
			children = (
				36D9481659DE8F0A8C0188AD /* Pods_ypk_case.framework */,
			);
			name = Frameworks;
			sourceTree = "<group>";
		};
		6BE1A6172A8E2D99004747C1 = {
			isa = PBXGroup;
			children = (
				6BE1A6222A8E2D99004747C1 /* ypk_case */,
				6BE1A6212A8E2D99004747C1 /* Products */,
				CB82415D0716130730ED7CEB /* Pods */,
				32074FCB79C7E808D9E6733D /* Frameworks */,
			);
			sourceTree = "<group>";
		};
		6BE1A6212A8E2D99004747C1 /* Products */ = {
			isa = PBXGroup;
			children = (
				6BE1A6202A8E2D99004747C1 /* ypk_case.app */,
			);
			name = Products;
			sourceTree = "<group>";
		};
		6BE1A6222A8E2D99004747C1 /* ypk_case */ = {
			isa = PBXGroup;
			children = (
				6BE1A63A2A8E337F004747C1 /* Network */,
				6BE1A63B2A8E3387004747C1 /* Scenes */,
				6BE1A63C2A8E338E004747C1 /* Base */,
				6BE1A63D2A8E3395004747C1 /* Extensions */,
				6BE1A63E2A8E339F004747C1 /* Helpers */,
				6BE1A63F2A8E33A7004747C1 /* Utilities */,
				6BE1A6402A8E33B5004747C1 /* Resources */,
				6BE1A62C2A8E2D99004747C1 /* ypk_case.xcdatamodeld */,
			);
			path = ypk_case;
			sourceTree = "<group>";
		};
		6BE1A63A2A8E337F004747C1 /* Network */ = {
			isa = PBXGroup;
			children = (
			);
			path = Network;
			sourceTree = "<group>";
		};
		6BE1A63B2A8E3387004747C1 /* Scenes */ = {
			isa = PBXGroup;
			children = (
				6BE1A6272A8E2D99004747C1 /* ViewController.swift */,
				6BE1A6292A8E2D99004747C1 /* Main.storyboard */,
				6BE1A6312A8E2D9A004747C1 /* LaunchScreen.storyboard */,
			);
			path = Scenes;
			sourceTree = "<group>";
		};
		6BE1A63C2A8E338E004747C1 /* Base */ = {
			isa = PBXGroup;
			children = (
			);
			path = Base;
			sourceTree = "<group>";
		};
		6BE1A63D2A8E3395004747C1 /* Extensions */ = {
			isa = PBXGroup;
			children = (
			);
			path = Extensions;
			sourceTree = "<group>";
		};
		6BE1A63E2A8E339F004747C1 /* Helpers */ = {
			isa = PBXGroup;
			children = (
			);
			path = Helpers;
			sourceTree = "<group>";
		};
		6BE1A63F2A8E33A7004747C1 /* Utilities */ = {
			isa = PBXGroup;
			children = (
				6BE1A6252A8E2D99004747C1 /* SceneDelegate.swift */,
				6BE1A6232A8E2D99004747C1 /* AppDelegate.swift */,
			);
			path = Utilities;
			sourceTree = "<group>";
		};
		6BE1A6402A8E33B5004747C1 /* Resources */ = {
			isa = PBXGroup;
			children = (
				6BE1A6342A8E2D9A004747C1 /* Info.plist */,
				6BE1A6412A8E33E3004747C1 /* Assets */,
			);
			path = Resources;
			sourceTree = "<group>";
		};
		6BE1A6412A8E33E3004747C1 /* Assets */ = {
			isa = PBXGroup;
			children = (
				6BE1A62F2A8E2D9A004747C1 /* Assets.xcassets */,
			);
			path = Assets;
			sourceTree = "<group>";
		};
		CB82415D0716130730ED7CEB /* Pods */ = {
			isa = PBXGroup;
			children = (
				B18F7A5FE6D771152A9E84FE /* Pods-ypk_case.debug.xcconfig */,
				B1CDD8D280AF1483A6350494 /* Pods-ypk_case.release.xcconfig */,
			);
			name = Pods;
			path = Pods;
			sourceTree = "<group>";
		};
/* End PBXGroup section */

/* Begin PBXNativeTarget section */
		6BE1A61F2A8E2D99004747C1 /* ypk_case */ = {
			isa = PBXNativeTarget;
			buildConfigurationList = 6BE1A6372A8E2D9A004747C1 /* Build configuration list for PBXNativeTarget "ypk_case" */;
			buildPhases = (
				88F8916683B26E59B7631F24 /* [CP] Check Pods Manifest.lock */,
				6BE1A61C2A8E2D99004747C1 /* Sources */,
				6BE1A61D2A8E2D99004747C1 /* Frameworks */,
				6BE1A61E2A8E2D99004747C1 /* Resources */,
				DDB497065A66213007DA6390 /* [CP] Embed Pods Frameworks */,
			);
			buildRules = (
			);
			dependencies = (
			);
			name = ypk_case;
			productName = ypk_case;
			productReference = 6BE1A6202A8E2D99004747C1 /* ypk_case.app */;
			productType = "com.apple.product-type.application";
		};
/* End PBXNativeTarget section */

/* Begin PBXProject section */
		6BE1A6182A8E2D99004747C1 /* Project object */ = {
			isa = PBXProject;
			attributes = {
				BuildIndependentTargetsInParallel = 1;
				LastSwiftUpdateCheck = 1430;
				LastUpgradeCheck = 1430;
				TargetAttributes = {
					6BE1A61F2A8E2D99004747C1 = {
						CreatedOnToolsVersion = 14.3;
					};
				};
			};
			buildConfigurationList = 6BE1A61B2A8E2D99004747C1 /* Build configuration list for PBXProject "ypk_case" */;
			compatibilityVersion = "Xcode 14.0";
			developmentRegion = en;
			hasScannedForEncodings = 0;
			knownRegions = (
				en,
				Base,
			);
			mainGroup = 6BE1A6172A8E2D99004747C1;
			productRefGroup = 6BE1A6212A8E2D99004747C1 /* Products */;
			projectDirPath = "";
			projectRoot = "";
			targets = (
				6BE1A61F2A8E2D99004747C1 /* ypk_case */,
			);
		};
/* End PBXProject section */

/* Begin PBXResourcesBuildPhase section */
		6BE1A61E2A8E2D99004747C1 /* Resources */ = {
			isa = PBXResourcesBuildPhase;
			buildActionMask = 2147483647;
			files = (
				6BE1A6332A8E2D9A004747C1 /* LaunchScreen.storyboard in Resources */,
				6BE1A6302A8E2D9A004747C1 /* Assets.xcassets in Resources */,
				6BE1A62B2A8E2D99004747C1 /* Main.storyboard in Resources */,
			);
			runOnlyForDeploymentPostprocessing = 0;
		};
/* End PBXResourcesBuildPhase section */

/* Begin PBXShellScriptBuildPhase section */
		88F8916683B26E59B7631F24 /* [CP] Check Pods Manifest.lock */ = {
			isa = PBXShellScriptBuildPhase;
			buildActionMask = 2147483647;
			files = (
			);
			inputFileListPaths = (
			);
			inputPaths = (
				"${PODS_PODFILE_DIR_PATH}/Podfile.lock",
				"${PODS_ROOT}/Manifest.lock",
			);
			name = "[CP] Check Pods Manifest.lock";
			outputFileListPaths = (
			);
			outputPaths = (
				"$(DERIVED_FILE_DIR)/Pods-ypk_case-checkManifestLockResult.txt",
			);
			runOnlyForDeploymentPostprocessing = 0;
			shellPath = /bin/sh;
			shellScript = "diff \"${PODS_PODFILE_DIR_PATH}/Podfile.lock\" \"${PODS_ROOT}/Manifest.lock\" > /dev/null\nif [ $? != 0 ] ; then\n    # print error to STDERR\n    echo \"error: The sandbox is not in sync with the Podfile.lock. Run 'pod install' or update your CocoaPods installation.\" >&2\n    exit 1\nfi\n# This output is used by Xcode 'outputs' to avoid re-running this script phase.\necho \"SUCCESS\" > \"${SCRIPT_OUTPUT_FILE_0}\"\n";
			showEnvVarsInLog = 0;
		};
		DDB497065A66213007DA6390 /* [CP] Embed Pods Frameworks */ = {
			isa = PBXShellScriptBuildPhase;
			buildActionMask = 2147483647;
			files = (
			);
			inputFileListPaths = (
				"${PODS_ROOT}/Target Support Files/Pods-ypk_case/Pods-ypk_case-frameworks-${CONFIGURATION}-input-files.xcfilelist",
			);
			name = "[CP] Embed Pods Frameworks";
			outputFileListPaths = (
				"${PODS_ROOT}/Target Support Files/Pods-ypk_case/Pods-ypk_case-frameworks-${CONFIGURATION}-output-files.xcfilelist",
			);
			runOnlyForDeploymentPostprocessing = 0;
			shellPath = /bin/sh;
			shellScript = "\"${PODS_ROOT}/Target Support Files/Pods-ypk_case/Pods-ypk_case-frameworks.sh\"\n";
			showEnvVarsInLog = 0;
		};
/* End PBXShellScriptBuildPhase section */

/* Begin PBXSourcesBuildPhase section */
		6BE1A61C2A8E2D99004747C1 /* Sources */ = {
			isa = PBXSourcesBuildPhase;
			buildActionMask = 2147483647;
			files = (
				6BE1A62E2A8E2D99004747C1 /* ypk_case.xcdatamodeld in Sources */,
				6BE1A6282A8E2D99004747C1 /* ViewController.swift in Sources */,
				6BE1A6242A8E2D99004747C1 /* AppDelegate.swift in Sources */,
				6BE1A6262A8E2D99004747C1 /* SceneDelegate.swift in Sources */,
			);
			runOnlyForDeploymentPostprocessing = 0;
		};
/* End PBXSourcesBuildPhase section */

/* Begin PBXVariantGroup section */
		6BE1A6292A8E2D99004747C1 /* Main.storyboard */ = {
			isa = PBXVariantGroup;
			children = (
				6BE1A62A2A8E2D99004747C1 /* Base */,
			);
			name = Main.storyboard;
			sourceTree = "<group>";
		};
		6BE1A6312A8E2D9A004747C1 /* LaunchScreen.storyboard */ = {
			isa = PBXVariantGroup;
			children = (
				6BE1A6322A8E2D9A004747C1 /* Base */,
			);
			name = LaunchScreen.storyboard;
			sourceTree = "<group>";
		};
/* End PBXVariantGroup section */

/* Begin XCBuildConfiguration section */
		6BE1A6352A8E2D9A004747C1 /* Debug */ = {
			isa = XCBuildConfiguration;
			buildSettings = {
				ALWAYS_SEARCH_USER_PATHS = NO;
				CLANG_ANALYZER_NONNULL = YES;
				CLANG_ANALYZER_NUMBER_OBJECT_CONVERSION = YES_AGGRESSIVE;
				CLANG_CXX_LANGUAGE_STANDARD = "gnu++20";
				CLANG_ENABLE_MODULES = YES;
				CLANG_ENABLE_OBJC_ARC = YES;
				CLANG_ENABLE_OBJC_WEAK = YES;
				CLANG_WARN_BLOCK_CAPTURE_AUTORELEASING = YES;
				CLANG_WARN_BOOL_CONVERSION = YES;
				CLANG_WARN_COMMA = YES;
				CLANG_WARN_CONSTANT_CONVERSION = YES;
				CLANG_WARN_DEPRECATED_OBJC_IMPLEMENTATIONS = YES;
				CLANG_WARN_DIRECT_OBJC_ISA_USAGE = YES_ERROR;
				CLANG_WARN_DOCUMENTATION_COMMENTS = YES;
				CLANG_WARN_EMPTY_BODY = YES;
				CLANG_WARN_ENUM_CONVERSION = YES;
				CLANG_WARN_INFINITE_RECURSION = YES;
				CLANG_WARN_INT_CONVERSION = YES;
				CLANG_WARN_NON_LITERAL_NULL_CONVERSION = YES;
				CLANG_WARN_OBJC_IMPLICIT_RETAIN_SELF = YES;
				CLANG_WARN_OBJC_LITERAL_CONVERSION = YES;
				CLANG_WARN_OBJC_ROOT_CLASS = YES_ERROR;
				CLANG_WARN_QUOTED_INCLUDE_IN_FRAMEWORK_HEADER = YES;
				CLANG_WARN_RANGE_LOOP_ANALYSIS = YES;
				CLANG_WARN_STRICT_PROTOTYPES = YES;
				CLANG_WARN_SUSPICIOUS_MOVE = YES;
				CLANG_WARN_UNGUARDED_AVAILABILITY = YES_AGGRESSIVE;
				CLANG_WARN_UNREACHABLE_CODE = YES;
				CLANG_WARN__DUPLICATE_METHOD_MATCH = YES;
				COPY_PHASE_STRIP = NO;
				DEBUG_INFORMATION_FORMAT = dwarf;
				ENABLE_STRICT_OBJC_MSGSEND = YES;
				ENABLE_TESTABILITY = YES;
				GCC_C_LANGUAGE_STANDARD = gnu11;
				GCC_DYNAMIC_NO_PIC = NO;
				GCC_NO_COMMON_BLOCKS = YES;
				GCC_OPTIMIZATION_LEVEL = 0;
				GCC_PREPROCESSOR_DEFINITIONS = (
					"DEBUG=1",
					"$(inherited)",
				);
				GCC_WARN_64_TO_32_BIT_CONVERSION = YES;
				GCC_WARN_ABOUT_RETURN_TYPE = YES_ERROR;
				GCC_WARN_UNDECLARED_SELECTOR = YES;
				GCC_WARN_UNINITIALIZED_AUTOS = YES_AGGRESSIVE;
				GCC_WARN_UNUSED_FUNCTION = YES;
				GCC_WARN_UNUSED_VARIABLE = YES;
				IPHONEOS_DEPLOYMENT_TARGET = 13.0;
				MTL_ENABLE_DEBUG_INFO = INCLUDE_SOURCE;
				MTL_FAST_MATH = YES;
				ONLY_ACTIVE_ARCH = YES;
				SDKROOT = iphoneos;
				SWIFT_ACTIVE_COMPILATION_CONDITIONS = DEBUG;
				SWIFT_OPTIMIZATION_LEVEL = "-Onone";
			};
			name = Debug;
		};
		6BE1A6362A8E2D9A004747C1 /* Release */ = {
			isa = XCBuildConfiguration;
			buildSettings = {
				ALWAYS_SEARCH_USER_PATHS = NO;
				CLANG_ANALYZER_NONNULL = YES;
				CLANG_ANALYZER_NUMBER_OBJECT_CONVERSION = YES_AGGRESSIVE;
				CLANG_CXX_LANGUAGE_STANDARD = "gnu++20";
				CLANG_ENABLE_MODULES = YES;
				CLANG_ENABLE_OBJC_ARC = YES;
				CLANG_ENABLE_OBJC_WEAK = YES;
				CLANG_WARN_BLOCK_CAPTURE_AUTORELEASING = YES;
				CLANG_WARN_BOOL_CONVERSION = YES;
				CLANG_WARN_COMMA = YES;
				CLANG_WARN_CONSTANT_CONVERSION = YES;
				CLANG_WARN_DEPRECATED_OBJC_IMPLEMENTATIONS = YES;
				CLANG_WARN_DIRECT_OBJC_ISA_USAGE = YES_ERROR;
				CLANG_WARN_DOCUMENTATION_COMMENTS = YES;
				CLANG_WARN_EMPTY_BODY = YES;
				CLANG_WARN_ENUM_CONVERSION = YES;
				CLANG_WARN_INFINITE_RECURSION = YES;
				CLANG_WARN_INT_CONVERSION = YES;
				CLANG_WARN_NON_LITERAL_NULL_CONVERSION = YES;
				CLANG_WARN_OBJC_IMPLICIT_RETAIN_SELF = YES;
				CLANG_WARN_OBJC_LITERAL_CONVERSION = YES;
				CLANG_WARN_OBJC_ROOT_CLASS = YES_ERROR;
				CLANG_WARN_QUOTED_INCLUDE_IN_FRAMEWORK_HEADER = YES;
				CLANG_WARN_RANGE_LOOP_ANALYSIS = YES;
				CLANG_WARN_STRICT_PROTOTYPES = YES;
				CLANG_WARN_SUSPICIOUS_MOVE = YES;
				CLANG_WARN_UNGUARDED_AVAILABILITY = YES_AGGRESSIVE;
				CLANG_WARN_UNREACHABLE_CODE = YES;
				CLANG_WARN__DUPLICATE_METHOD_MATCH = YES;
				COPY_PHASE_STRIP = NO;
				DEBUG_INFORMATION_FORMAT = "dwarf-with-dsym";
				ENABLE_NS_ASSERTIONS = NO;
				ENABLE_STRICT_OBJC_MSGSEND = YES;
				GCC_C_LANGUAGE_STANDARD = gnu11;
				GCC_NO_COMMON_BLOCKS = YES;
				GCC_WARN_64_TO_32_BIT_CONVERSION = YES;
				GCC_WARN_ABOUT_RETURN_TYPE = YES_ERROR;
				GCC_WARN_UNDECLARED_SELECTOR = YES;
				GCC_WARN_UNINITIALIZED_AUTOS = YES_AGGRESSIVE;
				GCC_WARN_UNUSED_FUNCTION = YES;
				GCC_WARN_UNUSED_VARIABLE = YES;
				IPHONEOS_DEPLOYMENT_TARGET = 13.0;
				MTL_ENABLE_DEBUG_INFO = NO;
				MTL_FAST_MATH = YES;
				SDKROOT = iphoneos;
				SWIFT_COMPILATION_MODE = wholemodule;
				SWIFT_OPTIMIZATION_LEVEL = "-O";
				VALIDATE_PRODUCT = YES;
			};
			name = Release;
		};
		6BE1A6382A8E2D9A004747C1 /* Debug */ = {
			isa = XCBuildConfiguration;
			baseConfigurationReference = B18F7A5FE6D771152A9E84FE /* Pods-ypk_case.debug.xcconfig */;
			buildSettings = {
				ASSETCATALOG_COMPILER_APPICON_NAME = AppIcon;
				ASSETCATALOG_COMPILER_GLOBAL_ACCENT_COLOR_NAME = AccentColor;
				CODE_SIGN_STYLE = Automatic;
				CURRENT_PROJECT_VERSION = 1;
				DEVELOPMENT_TEAM = 2B2355P26S;
				GENERATE_INFOPLIST_FILE = YES;
				INFOPLIST_FILE = ypk_case/Resources/Info.plist;
				INFOPLIST_KEY_UIApplicationSupportsIndirectInputEvents = YES;
				INFOPLIST_KEY_UILaunchStoryboardName = LaunchScreen;
				INFOPLIST_KEY_UIMainStoryboardFile = Main;
				INFOPLIST_KEY_UISupportedInterfaceOrientations_iPad = "UIInterfaceOrientationPortrait UIInterfaceOrientationPortraitUpsideDown UIInterfaceOrientationLandscapeLeft UIInterfaceOrientationLandscapeRight";
				INFOPLIST_KEY_UISupportedInterfaceOrientations_iPhone = "UIInterfaceOrientationPortrait UIInterfaceOrientationLandscapeLeft UIInterfaceOrientationLandscapeRight";
				LD_RUNPATH_SEARCH_PATHS = (
					"$(inherited)",
					"@executable_path/Frameworks",
				);
				MARKETING_VERSION = 1.0;
				PRODUCT_BUNDLE_IDENTIFIER = "com.ilkaysever.ypk-case";
				PRODUCT_NAME = "$(TARGET_NAME)";
				SWIFT_EMIT_LOC_STRINGS = YES;
				SWIFT_VERSION = 5.0;
				TARGETED_DEVICE_FAMILY = "1,2";
			};
			name = Debug;
		};
		6BE1A6392A8E2D9A004747C1 /* Release */ = {
			isa = XCBuildConfiguration;
			baseConfigurationReference = B1CDD8D280AF1483A6350494 /* Pods-ypk_case.release.xcconfig */;
			buildSettings = {
				ASSETCATALOG_COMPILER_APPICON_NAME = AppIcon;
				ASSETCATALOG_COMPILER_GLOBAL_ACCENT_COLOR_NAME = AccentColor;
				CODE_SIGN_STYLE = Automatic;
				CURRENT_PROJECT_VERSION = 1;
				DEVELOPMENT_TEAM = 2B2355P26S;
				GENERATE_INFOPLIST_FILE = YES;
				INFOPLIST_FILE = ypk_case/Resources/Info.plist;
				INFOPLIST_KEY_UIApplicationSupportsIndirectInputEvents = YES;
				INFOPLIST_KEY_UILaunchStoryboardName = LaunchScreen;
				INFOPLIST_KEY_UIMainStoryboardFile = Main;
				INFOPLIST_KEY_UISupportedInterfaceOrientations_iPad = "UIInterfaceOrientationPortrait UIInterfaceOrientationPortraitUpsideDown UIInterfaceOrientationLandscapeLeft UIInterfaceOrientationLandscapeRight";
				INFOPLIST_KEY_UISupportedInterfaceOrientations_iPhone = "UIInterfaceOrientationPortrait UIInterfaceOrientationLandscapeLeft UIInterfaceOrientationLandscapeRight";
				LD_RUNPATH_SEARCH_PATHS = (
					"$(inherited)",
					"@executable_path/Frameworks",
				);
				MARKETING_VERSION = 1.0;
				PRODUCT_BUNDLE_IDENTIFIER = "com.ilkaysever.ypk-case";
				PRODUCT_NAME = "$(TARGET_NAME)";
				SWIFT_EMIT_LOC_STRINGS = YES;
				SWIFT_VERSION = 5.0;
				TARGETED_DEVICE_FAMILY = "1,2";
			};
			name = Release;
		};
/* End XCBuildConfiguration section */

/* Begin XCConfigurationList section */
		6BE1A61B2A8E2D99004747C1 /* Build configuration list for PBXProject "ypk_case" */ = {
			isa = XCConfigurationList;
			buildConfigurations = (
				6BE1A6352A8E2D9A004747C1 /* Debug */,
				6BE1A6362A8E2D9A004747C1 /* Release */,
			);
			defaultConfigurationIsVisible = 0;
			defaultConfigurationName = Release;
		};
		6BE1A6372A8E2D9A004747C1 /* Build configuration list for PBXNativeTarget "ypk_case" */ = {
			isa = XCConfigurationList;
			buildConfigurations = (
				6BE1A6382A8E2D9A004747C1 /* Debug */,
				6BE1A6392A8E2D9A004747C1 /* Release */,
			);
			defaultConfigurationIsVisible = 0;
			defaultConfigurationName = Release;
		};
/* End XCConfigurationList section */

/* Begin XCVersionGroup section */
		6BE1A62C2A8E2D99004747C1 /* ypk_case.xcdatamodeld */ = {
			isa = XCVersionGroup;
			children = (
				6BE1A62D2A8E2D99004747C1 /* ypk_case.xcdatamodel */,
			);
			currentVersion = 6BE1A62D2A8E2D99004747C1 /* ypk_case.xcdatamodel */;
			path = ypk_case.xcdatamodeld;
			sourceTree = "<group>";
			versionGroupType = wrapper.xcdatamodel;
		};
/* End XCVersionGroup section */
	};
	rootObject = 6BE1A6182A8E2D99004747C1 /* Project object */;
}
