// !$*UTF8*$!
{
	archiveVersion = 1;
	classes = {
	};
	objectVersion = 56;
	objects = {

/* Begin PBXBuildFile section */
		6BA957A52A8FD45800646885 /* BaseViewModel.swift in Sources */ = {isa = PBXBuildFile; fileRef = 6BA957A42A8FD45800646885 /* BaseViewModel.swift */; };
		6BE1A6242A8E2D99004747C1 /* AppDelegate.swift in Sources */ = {isa = PBXBuildFile; fileRef = 6BE1A6232A8E2D99004747C1 /* AppDelegate.swift */; };
		6BE1A6262A8E2D99004747C1 /* SceneDelegate.swift in Sources */ = {isa = PBXBuildFile; fileRef = 6BE1A6252A8E2D99004747C1 /* SceneDelegate.swift */; };
		6BE1A6282A8E2D99004747C1 /* HomeViewController.swift in Sources */ = {isa = PBXBuildFile; fileRef = 6BE1A6272A8E2D99004747C1 /* HomeViewController.swift */; };
		6BE1A62E2A8E2D99004747C1 /* ypk_case.xcdatamodeld in Sources */ = {isa = PBXBuildFile; fileRef = 6BE1A62C2A8E2D99004747C1 /* ypk_case.xcdatamodeld */; };
		6BE1A6302A8E2D9A004747C1 /* Assets.xcassets in Resources */ = {isa = PBXBuildFile; fileRef = 6BE1A62F2A8E2D9A004747C1 /* Assets.xcassets */; };
		6BE1A6332A8E2D9A004747C1 /* LaunchScreen.storyboard in Resources */ = {isa = PBXBuildFile; fileRef = 6BE1A6312A8E2D9A004747C1 /* LaunchScreen.storyboard */; };
		6BE1A6432A8E49B5004747C1 /* BaseViewController.swift in Sources */ = {isa = PBXBuildFile; fileRef = 6BE1A6422A8E49B5004747C1 /* BaseViewController.swift */; };
		6BE1A6452A8E49BF004747C1 /* BaseTabbarController.swift in Sources */ = {isa = PBXBuildFile; fileRef = 6BE1A6442A8E49BF004747C1 /* BaseTabbarController.swift */; };
		6BE1A6472A8E49CE004747C1 /* BaseNavigationController.swift in Sources */ = {isa = PBXBuildFile; fileRef = 6BE1A6462A8E49CE004747C1 /* BaseNavigationController.swift */; };
		6BE1A6532A8E4A6B004747C1 /* Ubuntu-MediumItalic.ttf in Resources */ = {isa = PBXBuildFile; fileRef = 6BE1A64B2A8E4A6B004747C1 /* Ubuntu-MediumItalic.ttf */; };
		6BE1A6542A8E4A6B004747C1 /* Ubuntu-LightItalic.ttf in Resources */ = {isa = PBXBuildFile; fileRef = 6BE1A64C2A8E4A6B004747C1 /* Ubuntu-LightItalic.ttf */; };
		6BE1A6552A8E4A6B004747C1 /* Ubuntu-Medium.ttf in Resources */ = {isa = PBXBuildFile; fileRef = 6BE1A64D2A8E4A6B004747C1 /* Ubuntu-Medium.ttf */; };
		6BE1A6562A8E4A6B004747C1 /* Ubuntu-Light.ttf in Resources */ = {isa = PBXBuildFile; fileRef = 6BE1A64E2A8E4A6B004747C1 /* Ubuntu-Light.ttf */; };
		6BE1A6572A8E4A6B004747C1 /* Ubuntu-BoldItalic.ttf in Resources */ = {isa = PBXBuildFile; fileRef = 6BE1A64F2A8E4A6B004747C1 /* Ubuntu-BoldItalic.ttf */; };
		6BE1A6582A8E4A6B004747C1 /* Ubuntu-Regular.ttf in Resources */ = {isa = PBXBuildFile; fileRef = 6BE1A6502A8E4A6B004747C1 /* Ubuntu-Regular.ttf */; };
		6BE1A6592A8E4A6B004747C1 /* Ubuntu-Bold.ttf in Resources */ = {isa = PBXBuildFile; fileRef = 6BE1A6512A8E4A6B004747C1 /* Ubuntu-Bold.ttf */; };
		6BE1A65A2A8E4A6B004747C1 /* Ubuntu-Italic.ttf in Resources */ = {isa = PBXBuildFile; fileRef = 6BE1A6522A8E4A6B004747C1 /* Ubuntu-Italic.ttf */; };
		6BE1A6602A8E4D17004747C1 /* BasketViewController.swift in Sources */ = {isa = PBXBuildFile; fileRef = 6BE1A65F2A8E4D17004747C1 /* BasketViewController.swift */; };
		6BE1A6632A8E4D47004747C1 /* SplashScreen.swift in Sources */ = {isa = PBXBuildFile; fileRef = 6BE1A6622A8E4D47004747C1 /* SplashScreen.swift */; };
		6BE1A6662A8E4D69004747C1 /* LoginViewController.swift in Sources */ = {isa = PBXBuildFile; fileRef = 6BE1A6652A8E4D69004747C1 /* LoginViewController.swift */; };
		6BE1A6682A8E4D77004747C1 /* RegisterViewController.swift in Sources */ = {isa = PBXBuildFile; fileRef = 6BE1A6672A8E4D77004747C1 /* RegisterViewController.swift */; };
		6BE1A66A2A8E51F4004747C1 /* CellHelper.swift in Sources */ = {isa = PBXBuildFile; fileRef = 6BE1A6692A8E51F4004747C1 /* CellHelper.swift */; };
		6BE1A66F2A8E5BE1004747C1 /* UIView+Extension.swift in Sources */ = {isa = PBXBuildFile; fileRef = 6BE1A66E2A8E5BE1004747C1 /* UIView+Extension.swift */; };
		6BE1A6732A8E6151004747C1 /* NetworkHelper.swift in Sources */ = {isa = PBXBuildFile; fileRef = 6BE1A6722A8E6151004747C1 /* NetworkHelper.swift */; };
		6BE1A6752A8E615E004747C1 /* NetworkManager.swift in Sources */ = {isa = PBXBuildFile; fileRef = 6BE1A6742A8E615E004747C1 /* NetworkManager.swift */; };
		6BE1A6772A8E61BE004747C1 /* LoginRequest.swift in Sources */ = {isa = PBXBuildFile; fileRef = 6BE1A6762A8E61BE004747C1 /* LoginRequest.swift */; };
		6BE1A6792A8E829E004747C1 /* UILabel+Extension.swift in Sources */ = {isa = PBXBuildFile; fileRef = 6BE1A6782A8E829E004747C1 /* UILabel+Extension.swift */; };
		6BE1A6822A8EB52A004747C1 /* LoginResponseModel.swift in Sources */ = {isa = PBXBuildFile; fileRef = 6BE1A6812A8EB52A004747C1 /* LoginResponseModel.swift */; };
		6BE1A6842A8EB585004747C1 /* LoginViewModel.swift in Sources */ = {isa = PBXBuildFile; fileRef = 6BE1A6832A8EB585004747C1 /* LoginViewModel.swift */; };
		6BE1A68C2A8EC24B004747C1 /* ProductResponseModel.swift in Sources */ = {isa = PBXBuildFile; fileRef = 6BE1A68B2A8EC24B004747C1 /* ProductResponseModel.swift */; };
		6BE1A68E2A8EC300004747C1 /* ProducListRequest.swift in Sources */ = {isa = PBXBuildFile; fileRef = 6BE1A68D2A8EC300004747C1 /* ProducListRequest.swift */; };
		6BE1A6902A8EC365004747C1 /* ProductViewModel.swift in Sources */ = {isa = PBXBuildFile; fileRef = 6BE1A68F2A8EC365004747C1 /* ProductViewModel.swift */; };
		6BE1A6932A8EC89D004747C1 /* ProductTableCell.swift in Sources */ = {isa = PBXBuildFile; fileRef = 6BE1A6912A8EC89D004747C1 /* ProductTableCell.swift */; };
		6BE1A6942A8EC89D004747C1 /* ProductTableCell.xib in Resources */ = {isa = PBXBuildFile; fileRef = 6BE1A6922A8EC89D004747C1 /* ProductTableCell.xib */; };
		6BE1A6962A8ECC7E004747C1 /* UIWindow+Extension.swift in Sources */ = {isa = PBXBuildFile; fileRef = 6BE1A6952A8ECC7E004747C1 /* UIWindow+Extension.swift */; };
		6BE1A6982A8ECE05004747C1 /* LoginRequestModel.swift in Sources */ = {isa = PBXBuildFile; fileRef = 6BE1A6972A8ECE05004747C1 /* LoginRequestModel.swift */; };
		6BE1A69A2A8F8A15004747C1 /* UIImageView+Extension.swift in Sources */ = {isa = PBXBuildFile; fileRef = 6BE1A6992A8F8A15004747C1 /* UIImageView+Extension.swift */; };
		6BE1A69D2A8F8BE3004747C1 /* ProductDetailViewController.swift in Sources */ = {isa = PBXBuildFile; fileRef = 6BE1A69C2A8F8BE3004747C1 /* ProductDetailViewController.swift */; };
		6BE1A69F2A8FBFCB004747C1 /* AppUtilities.swift in Sources */ = {isa = PBXBuildFile; fileRef = 6BE1A69E2A8FBFCB004747C1 /* AppUtilities.swift */; };
		D2FE60095165B00B53349C14 /* Pods_ypk_case.framework in Frameworks */ = {isa = PBXBuildFile; fileRef = 36D9481659DE8F0A8C0188AD /* Pods_ypk_case.framework */; };
/* End PBXBuildFile section */

/* Begin PBXFileReference section */
		36D9481659DE8F0A8C0188AD /* Pods_ypk_case.framework */ = {isa = PBXFileReference; explicitFileType = wrapper.framework; includeInIndex = 0; path = Pods_ypk_case.framework; sourceTree = BUILT_PRODUCTS_DIR; };
		6BA957A42A8FD45800646885 /* BaseViewModel.swift */ = {isa = PBXFileReference; lastKnownFileType = sourcecode.swift; path = BaseViewModel.swift; sourceTree = "<group>"; };
		6BE1A6202A8E2D99004747C1 /* ypk_case.app */ = {isa = PBXFileReference; explicitFileType = wrapper.application; includeInIndex = 0; path = ypk_case.app; sourceTree = BUILT_PRODUCTS_DIR; };
		6BE1A6232A8E2D99004747C1 /* AppDelegate.swift */ = {isa = PBXFileReference; lastKnownFileType = sourcecode.swift; path = AppDelegate.swift; sourceTree = "<group>"; };
		6BE1A6252A8E2D99004747C1 /* SceneDelegate.swift */ = {isa = PBXFileReference; lastKnownFileType = sourcecode.swift; path = SceneDelegate.swift; sourceTree = "<group>"; };
		6BE1A6272A8E2D99004747C1 /* HomeViewController.swift */ = {isa = PBXFileReference; lastKnownFileType = sourcecode.swift; path = HomeViewController.swift; sourceTree = "<group>"; };
		6BE1A62D2A8E2D99004747C1 /* ypk_case.xcdatamodel */ = {isa = PBXFileReference; lastKnownFileType = wrapper.xcdatamodel; path = ypk_case.xcdatamodel; sourceTree = "<group>"; };
		6BE1A62F2A8E2D9A004747C1 /* Assets.xcassets */ = {isa = PBXFileReference; lastKnownFileType = folder.assetcatalog; path = Assets.xcassets; sourceTree = "<group>"; };
		6BE1A6322A8E2D9A004747C1 /* Base */ = {isa = PBXFileReference; lastKnownFileType = file.storyboard; name = Base; path = Base.lproj/LaunchScreen.storyboard; sourceTree = "<group>"; };
		6BE1A6342A8E2D9A004747C1 /* Info.plist */ = {isa = PBXFileReference; lastKnownFileType = text.plist.xml; path = Info.plist; sourceTree = "<group>"; };
		6BE1A6422A8E49B5004747C1 /* BaseViewController.swift */ = {isa = PBXFileReference; lastKnownFileType = sourcecode.swift; path = BaseViewController.swift; sourceTree = "<group>"; };
		6BE1A6442A8E49BF004747C1 /* BaseTabbarController.swift */ = {isa = PBXFileReference; lastKnownFileType = sourcecode.swift; path = BaseTabbarController.swift; sourceTree = "<group>"; };
		6BE1A6462A8E49CE004747C1 /* BaseNavigationController.swift */ = {isa = PBXFileReference; lastKnownFileType = sourcecode.swift; path = BaseNavigationController.swift; sourceTree = "<group>"; };
		6BE1A64B2A8E4A6B004747C1 /* Ubuntu-MediumItalic.ttf */ = {isa = PBXFileReference; lastKnownFileType = file; path = "Ubuntu-MediumItalic.ttf"; sourceTree = "<group>"; };
		6BE1A64C2A8E4A6B004747C1 /* Ubuntu-LightItalic.ttf */ = {isa = PBXFileReference; lastKnownFileType = file; path = "Ubuntu-LightItalic.ttf"; sourceTree = "<group>"; };
		6BE1A64D2A8E4A6B004747C1 /* Ubuntu-Medium.ttf */ = {isa = PBXFileReference; lastKnownFileType = file; path = "Ubuntu-Medium.ttf"; sourceTree = "<group>"; };
		6BE1A64E2A8E4A6B004747C1 /* Ubuntu-Light.ttf */ = {isa = PBXFileReference; lastKnownFileType = file; path = "Ubuntu-Light.ttf"; sourceTree = "<group>"; };
		6BE1A64F2A8E4A6B004747C1 /* Ubuntu-BoldItalic.ttf */ = {isa = PBXFileReference; lastKnownFileType = file; path = "Ubuntu-BoldItalic.ttf"; sourceTree = "<group>"; };
		6BE1A6502A8E4A6B004747C1 /* Ubuntu-Regular.ttf */ = {isa = PBXFileReference; lastKnownFileType = file; path = "Ubuntu-Regular.ttf"; sourceTree = "<group>"; };
		6BE1A6512A8E4A6B004747C1 /* Ubuntu-Bold.ttf */ = {isa = PBXFileReference; lastKnownFileType = file; path = "Ubuntu-Bold.ttf"; sourceTree = "<group>"; };
		6BE1A6522A8E4A6B004747C1 /* Ubuntu-Italic.ttf */ = {isa = PBXFileReference; lastKnownFileType = file; path = "Ubuntu-Italic.ttf"; sourceTree = "<group>"; };
		6BE1A65F2A8E4D17004747C1 /* BasketViewController.swift */ = {isa = PBXFileReference; lastKnownFileType = sourcecode.swift; path = BasketViewController.swift; sourceTree = "<group>"; };
		6BE1A6622A8E4D47004747C1 /* SplashScreen.swift */ = {isa = PBXFileReference; lastKnownFileType = sourcecode.swift; path = SplashScreen.swift; sourceTree = "<group>"; };
		6BE1A6652A8E4D69004747C1 /* LoginViewController.swift */ = {isa = PBXFileReference; lastKnownFileType = sourcecode.swift; path = LoginViewController.swift; sourceTree = "<group>"; };
		6BE1A6672A8E4D77004747C1 /* RegisterViewController.swift */ = {isa = PBXFileReference; lastKnownFileType = sourcecode.swift; path = RegisterViewController.swift; sourceTree = "<group>"; };
		6BE1A6692A8E51F4004747C1 /* CellHelper.swift */ = {isa = PBXFileReference; fileEncoding = 4; lastKnownFileType = sourcecode.swift; path = CellHelper.swift; sourceTree = "<group>"; };
		6BE1A66E2A8E5BE1004747C1 /* UIView+Extension.swift */ = {isa = PBXFileReference; lastKnownFileType = sourcecode.swift; path = "UIView+Extension.swift"; sourceTree = "<group>"; };
		6BE1A6722A8E6151004747C1 /* NetworkHelper.swift */ = {isa = PBXFileReference; lastKnownFileType = sourcecode.swift; path = NetworkHelper.swift; sourceTree = "<group>"; };
		6BE1A6742A8E615E004747C1 /* NetworkManager.swift */ = {isa = PBXFileReference; lastKnownFileType = sourcecode.swift; path = NetworkManager.swift; sourceTree = "<group>"; };
		6BE1A6762A8E61BE004747C1 /* LoginRequest.swift */ = {isa = PBXFileReference; lastKnownFileType = sourcecode.swift; path = LoginRequest.swift; sourceTree = "<group>"; };
		6BE1A6782A8E829E004747C1 /* UILabel+Extension.swift */ = {isa = PBXFileReference; lastKnownFileType = sourcecode.swift; path = "UILabel+Extension.swift"; sourceTree = "<group>"; };
		6BE1A6812A8EB52A004747C1 /* LoginResponseModel.swift */ = {isa = PBXFileReference; lastKnownFileType = sourcecode.swift; path = LoginResponseModel.swift; sourceTree = "<group>"; };
		6BE1A6832A8EB585004747C1 /* LoginViewModel.swift */ = {isa = PBXFileReference; lastKnownFileType = sourcecode.swift; path = LoginViewModel.swift; sourceTree = "<group>"; };
		6BE1A68B2A8EC24B004747C1 /* ProductResponseModel.swift */ = {isa = PBXFileReference; lastKnownFileType = sourcecode.swift; path = ProductResponseModel.swift; sourceTree = "<group>"; };
		6BE1A68D2A8EC300004747C1 /* ProducListRequest.swift */ = {isa = PBXFileReference; lastKnownFileType = sourcecode.swift; path = ProducListRequest.swift; sourceTree = "<group>"; };
		6BE1A68F2A8EC365004747C1 /* ProductViewModel.swift */ = {isa = PBXFileReference; lastKnownFileType = sourcecode.swift; path = ProductViewModel.swift; sourceTree = "<group>"; };
		6BE1A6912A8EC89D004747C1 /* ProductTableCell.swift */ = {isa = PBXFileReference; lastKnownFileType = sourcecode.swift; path = ProductTableCell.swift; sourceTree = "<group>"; };
		6BE1A6922A8EC89D004747C1 /* ProductTableCell.xib */ = {isa = PBXFileReference; lastKnownFileType = file.xib; path = ProductTableCell.xib; sourceTree = "<group>"; };
		6BE1A6952A8ECC7E004747C1 /* UIWindow+Extension.swift */ = {isa = PBXFileReference; lastKnownFileType = sourcecode.swift; path = "UIWindow+Extension.swift"; sourceTree = "<group>"; };
		6BE1A6972A8ECE05004747C1 /* LoginRequestModel.swift */ = {isa = PBXFileReference; lastKnownFileType = sourcecode.swift; path = LoginRequestModel.swift; sourceTree = "<group>"; };
		6BE1A6992A8F8A15004747C1 /* UIImageView+Extension.swift */ = {isa = PBXFileReference; lastKnownFileType = sourcecode.swift; path = "UIImageView+Extension.swift"; sourceTree = "<group>"; };
		6BE1A69C2A8F8BE3004747C1 /* ProductDetailViewController.swift */ = {isa = PBXFileReference; lastKnownFileType = sourcecode.swift; path = ProductDetailViewController.swift; sourceTree = "<group>"; };
		6BE1A69E2A8FBFCB004747C1 /* AppUtilities.swift */ = {isa = PBXFileReference; lastKnownFileType = sourcecode.swift; path = AppUtilities.swift; sourceTree = "<group>"; };
		B18F7A5FE6D771152A9E84FE /* Pods-ypk_case.debug.xcconfig */ = {isa = PBXFileReference; includeInIndex = 1; lastKnownFileType = text.xcconfig; name = "Pods-ypk_case.debug.xcconfig"; path = "Target Support Files/Pods-ypk_case/Pods-ypk_case.debug.xcconfig"; sourceTree = "<group>"; };
		B1CDD8D280AF1483A6350494 /* Pods-ypk_case.release.xcconfig */ = {isa = PBXFileReference; includeInIndex = 1; lastKnownFileType = text.xcconfig; name = "Pods-ypk_case.release.xcconfig"; path = "Target Support Files/Pods-ypk_case/Pods-ypk_case.release.xcconfig"; sourceTree = "<group>"; };
/* End PBXFileReference section */

/* Begin PBXFrameworksBuildPhase section */
		6BE1A61D2A8E2D99004747C1 /* Frameworks */ = {
			isa = PBXFrameworksBuildPhase;
			buildActionMask = 2147483647;
			files = (
				D2FE60095165B00B53349C14 /* Pods_ypk_case.framework in Frameworks */,
			);
			runOnlyForDeploymentPostprocessing = 0;
		};
/* End PBXFrameworksBuildPhase section */

/* Begin PBXGroup section */
		32074FCB79C7E808D9E6733D /* Frameworks */ = {
			isa = PBXGroup;
			children = (
				36D9481659DE8F0A8C0188AD /* Pods_ypk_case.framework */,
			);
			name = Frameworks;
			sourceTree = "<group>";
		};
		6BE1A6172A8E2D99004747C1 = {
			isa = PBXGroup;
			children = (
				6BE1A6222A8E2D99004747C1 /* ypk_case */,
				6BE1A6212A8E2D99004747C1 /* Products */,
				CB82415D0716130730ED7CEB /* Pods */,
				32074FCB79C7E808D9E6733D /* Frameworks */,
			);
			sourceTree = "<group>";
		};
		6BE1A6212A8E2D99004747C1 /* Products */ = {
			isa = PBXGroup;
			children = (
				6BE1A6202A8E2D99004747C1 /* ypk_case.app */,
			);
			name = Products;
			sourceTree = "<group>";
		};
		6BE1A6222A8E2D99004747C1 /* ypk_case */ = {
			isa = PBXGroup;
			children = (
				6BE1A6A02A8FC007004747C1 /* Application */,
				6BE1A63A2A8E337F004747C1 /* Network */,
				6BE1A63B2A8E3387004747C1 /* Scenes */,
				6BE1A63C2A8E338E004747C1 /* Base */,
				6BE1A63D2A8E3395004747C1 /* Extensions */,
				6BE1A63E2A8E339F004747C1 /* Helper */,
				6BE1A63F2A8E33A7004747C1 /* Utilities */,
				6BE1A6402A8E33B5004747C1 /* Resources */,
				6BE1A62C2A8E2D99004747C1 /* ypk_case.xcdatamodeld */,
			);
			path = ypk_case;
			sourceTree = "<group>";
		};
		6BE1A63A2A8E337F004747C1 /* Network */ = {
			isa = PBXGroup;
			children = (
				6BE1A6702A8E6138004747C1 /* Core */,
				6BE1A6712A8E613E004747C1 /* Request */,
			);
			path = Network;
			sourceTree = "<group>";
		};
		6BE1A63B2A8E3387004747C1 /* Scenes */ = {
			isa = PBXGroup;
			children = (
				6BE1A6312A8E2D9A004747C1 /* LaunchScreen.storyboard */,
				6BE1A6612A8E4D20004747C1 /* Splash */,
				6BE1A6642A8E4D52004747C1 /* LoginRegister */,
				6BE1A65D2A8E4CEE004747C1 /* Home */,
				6BE1A65E2A8E4CF6004747C1 /* Basket */,
			);
			path = Scenes;
			sourceTree = "<group>";
		};
		6BE1A63C2A8E338E004747C1 /* Base */ = {
			isa = PBXGroup;
			children = (
				6BE1A6422A8E49B5004747C1 /* BaseViewController.swift */,
				6BE1A6442A8E49BF004747C1 /* BaseTabbarController.swift */,
				6BE1A6462A8E49CE004747C1 /* BaseNavigationController.swift */,
				6BA957A42A8FD45800646885 /* BaseViewModel.swift */,
			);
			path = Base;
			sourceTree = "<group>";
		};
		6BE1A63D2A8E3395004747C1 /* Extensions */ = {
			isa = PBXGroup;
			children = (
				6BE1A66E2A8E5BE1004747C1 /* UIView+Extension.swift */,
				6BE1A6782A8E829E004747C1 /* UILabel+Extension.swift */,
				6BE1A6952A8ECC7E004747C1 /* UIWindow+Extension.swift */,
				6BE1A6992A8F8A15004747C1 /* UIImageView+Extension.swift */,
			);
			path = Extensions;
			sourceTree = "<group>";
		};
		6BE1A63E2A8E339F004747C1 /* Helper */ = {
			isa = PBXGroup;
			children = (
				6BE1A6692A8E51F4004747C1 /* CellHelper.swift */,
			);
			path = Helper;
			sourceTree = "<group>";
		};
		6BE1A63F2A8E33A7004747C1 /* Utilities */ = {
			isa = PBXGroup;
			children = (
				6BE1A69E2A8FBFCB004747C1 /* AppUtilities.swift */,
			);
			path = Utilities;
			sourceTree = "<group>";
		};
		6BE1A6402A8E33B5004747C1 /* Resources */ = {
			isa = PBXGroup;
			children = (
				6BE1A64A2A8E4A53004747C1 /* Fonts */,
				6BE1A6412A8E33E3004747C1 /* Assets */,
				6BE1A6342A8E2D9A004747C1 /* Info.plist */,
			);
			path = Resources;
			sourceTree = "<group>";
		};
		6BE1A6412A8E33E3004747C1 /* Assets */ = {
			isa = PBXGroup;
			children = (
				6BE1A62F2A8E2D9A004747C1 /* Assets.xcassets */,
			);
			path = Assets;
			sourceTree = "<group>";
		};
		6BE1A64A2A8E4A53004747C1 /* Fonts */ = {
			isa = PBXGroup;
			children = (
				6BE1A6512A8E4A6B004747C1 /* Ubuntu-Bold.ttf */,
				6BE1A64F2A8E4A6B004747C1 /* Ubuntu-BoldItalic.ttf */,
				6BE1A6522A8E4A6B004747C1 /* Ubuntu-Italic.ttf */,
				6BE1A64E2A8E4A6B004747C1 /* Ubuntu-Light.ttf */,
				6BE1A64C2A8E4A6B004747C1 /* Ubuntu-LightItalic.ttf */,
				6BE1A64D2A8E4A6B004747C1 /* Ubuntu-Medium.ttf */,
				6BE1A64B2A8E4A6B004747C1 /* Ubuntu-MediumItalic.ttf */,
				6BE1A6502A8E4A6B004747C1 /* Ubuntu-Regular.ttf */,
			);
			path = Fonts;
			sourceTree = "<group>";
		};
		6BE1A65D2A8E4CEE004747C1 /* Home */ = {
			isa = PBXGroup;
			children = (
				6BE1A6852A8EC176004747C1 /* Model */,
				6BE1A6862A8EC17F004747C1 /* View */,
				6BE1A6872A8EC184004747C1 /* ViewModel */,
			);
			path = Home;
			sourceTree = "<group>";
		};
		6BE1A65E2A8E4CF6004747C1 /* Basket */ = {
			isa = PBXGroup;
			children = (
				6BE1A65F2A8E4D17004747C1 /* BasketViewController.swift */,
			);
			path = Basket;
			sourceTree = "<group>";
		};
		6BE1A6612A8E4D20004747C1 /* Splash */ = {
			isa = PBXGroup;
			children = (
				6BE1A6622A8E4D47004747C1 /* SplashScreen.swift */,
			);
			path = Splash;
			sourceTree = "<group>";
		};
		6BE1A6642A8E4D52004747C1 /* LoginRegister */ = {
			isa = PBXGroup;
			children = (
				6BE1A67D2A8EB4C9004747C1 /* Register */,
				6BE1A67C2A8EB4C2004747C1 /* Login */,
			);
			path = LoginRegister;
			sourceTree = "<group>";
		};
		6BE1A6702A8E6138004747C1 /* Core */ = {
			isa = PBXGroup;
			children = (
				6BE1A6742A8E615E004747C1 /* NetworkManager.swift */,
				6BE1A6722A8E6151004747C1 /* NetworkHelper.swift */,
			);
			path = Core;
			sourceTree = "<group>";
		};
		6BE1A6712A8E613E004747C1 /* Request */ = {
			isa = PBXGroup;
			children = (
				6BE1A6762A8E61BE004747C1 /* LoginRequest.swift */,
				6BE1A68D2A8EC300004747C1 /* ProducListRequest.swift */,
			);
			path = Request;
			sourceTree = "<group>";
		};
		6BE1A67C2A8EB4C2004747C1 /* Login */ = {
			isa = PBXGroup;
			children = (
				6BE1A67F2A8EB4DE004747C1 /* Model */,
				6BE1A67E2A8EB4D6004747C1 /* View */,
				6BE1A6802A8EB4E4004747C1 /* ViewModel */,
			);
			path = Login;
			sourceTree = "<group>";
		};
		6BE1A67D2A8EB4C9004747C1 /* Register */ = {
			isa = PBXGroup;
			children = (
				6BE1A6672A8E4D77004747C1 /* RegisterViewController.swift */,
			);
			path = Register;
			sourceTree = "<group>";
		};
		6BE1A67E2A8EB4D6004747C1 /* View */ = {
			isa = PBXGroup;
			children = (
				6BE1A6652A8E4D69004747C1 /* LoginViewController.swift */,
			);
			path = View;
			sourceTree = "<group>";
		};
		6BE1A67F2A8EB4DE004747C1 /* Model */ = {
			isa = PBXGroup;
			children = (
				6BE1A6972A8ECE05004747C1 /* LoginRequestModel.swift */,
				6BE1A6812A8EB52A004747C1 /* LoginResponseModel.swift */,
			);
			path = Model;
			sourceTree = "<group>";
		};
		6BE1A6802A8EB4E4004747C1 /* ViewModel */ = {
			isa = PBXGroup;
			children = (
				6BE1A6832A8EB585004747C1 /* LoginViewModel.swift */,
			);
			path = ViewModel;
			sourceTree = "<group>";
		};
		6BE1A6852A8EC176004747C1 /* Model */ = {
			isa = PBXGroup;
			children = (
				6BE1A68B2A8EC24B004747C1 /* ProductResponseModel.swift */,
			);
			path = Model;
			sourceTree = "<group>";
		};
		6BE1A6862A8EC17F004747C1 /* View */ = {
			isa = PBXGroup;
			children = (
				6BE1A6272A8E2D99004747C1 /* HomeViewController.swift */,
				6BE1A69B2A8F8B8B004747C1 /* Detail */,
				6BE1A6882A8EC194004747C1 /* Cell */,
			);
			path = View;
			sourceTree = "<group>";
		};
		6BE1A6872A8EC184004747C1 /* ViewModel */ = {
			isa = PBXGroup;
			children = (
				6BE1A68F2A8EC365004747C1 /* ProductViewModel.swift */,
			);
			path = ViewModel;
			sourceTree = "<group>";
		};
		6BE1A6882A8EC194004747C1 /* Cell */ = {
			isa = PBXGroup;
			children = (
				6BE1A6922A8EC89D004747C1 /* ProductTableCell.xib */,
				6BE1A6912A8EC89D004747C1 /* ProductTableCell.swift */,
			);
			path = Cell;
			sourceTree = "<group>";
		};
		6BE1A69B2A8F8B8B004747C1 /* Detail */ = {
			isa = PBXGroup;
			children = (
				6BE1A69C2A8F8BE3004747C1 /* ProductDetailViewController.swift */,
			);
			path = Detail;
			sourceTree = "<group>";
		};
		6BE1A6A02A8FC007004747C1 /* Application */ = {
			isa = PBXGroup;
			children = (
				6BE1A6232A8E2D99004747C1 /* AppDelegate.swift */,
				6BE1A6252A8E2D99004747C1 /* SceneDelegate.swift */,
			);
			path = Application;
			sourceTree = "<group>";
		};
		CB82415D0716130730ED7CEB /* Pods */ = {
			isa = PBXGroup;
			children = (
				B18F7A5FE6D771152A9E84FE /* Pods-ypk_case.debug.xcconfig */,
				B1CDD8D280AF1483A6350494 /* Pods-ypk_case.release.xcconfig */,
			);
			path = Pods;
			sourceTree = "<group>";
		};
/* End PBXGroup section */

/* Begin PBXNativeTarget section */
		6BE1A61F2A8E2D99004747C1 /* ypk_case */ = {
			isa = PBXNativeTarget;
			buildConfigurationList = 6BE1A6372A8E2D9A004747C1 /* Build configuration list for PBXNativeTarget "ypk_case" */;
			buildPhases = (
				88F8916683B26E59B7631F24 /* [CP] Check Pods Manifest.lock */,
				6BE1A61C2A8E2D99004747C1 /* Sources */,
				6BE1A61D2A8E2D99004747C1 /* Frameworks */,
				6BE1A61E2A8E2D99004747C1 /* Resources */,
				DDB497065A66213007DA6390 /* [CP] Embed Pods Frameworks */,
			);
			buildRules = (
			);
			dependencies = (
			);
			name = ypk_case;
			productName = ypk_case;
			productReference = 6BE1A6202A8E2D99004747C1 /* ypk_case.app */;
			productType = "com.apple.product-type.application";
		};
/* End PBXNativeTarget section */

/* Begin PBXProject section */
		6BE1A6182A8E2D99004747C1 /* Project object */ = {
			isa = PBXProject;
			attributes = {
				BuildIndependentTargetsInParallel = 1;
				LastSwiftUpdateCheck = 1430;
				LastUpgradeCheck = 1430;
				TargetAttributes = {
					6BE1A61F2A8E2D99004747C1 = {
						CreatedOnToolsVersion = 14.3;
					};
				};
			};
			buildConfigurationList = 6BE1A61B2A8E2D99004747C1 /* Build configuration list for PBXProject "ypk_case" */;
			compatibilityVersion = "Xcode 14.0";
			developmentRegion = en;
			hasScannedForEncodings = 0;
			knownRegions = (
				en,
				Base,
			);
			mainGroup = 6BE1A6172A8E2D99004747C1;
			productRefGroup = 6BE1A6212A8E2D99004747C1 /* Products */;
			projectDirPath = "";
			projectRoot = "";
			targets = (
				6BE1A61F2A8E2D99004747C1 /* ypk_case */,
			);
		};
/* End PBXProject section */

/* Begin PBXResourcesBuildPhase section */
		6BE1A61E2A8E2D99004747C1 /* Resources */ = {
			isa = PBXResourcesBuildPhase;
			buildActionMask = 2147483647;
			files = (
				6BE1A6582A8E4A6B004747C1 /* Ubuntu-Regular.ttf in Resources */,
				6BE1A6542A8E4A6B004747C1 /* Ubuntu-LightItalic.ttf in Resources */,
				6BE1A6572A8E4A6B004747C1 /* Ubuntu-BoldItalic.ttf in Resources */,
				6BE1A65A2A8E4A6B004747C1 /* Ubuntu-Italic.ttf in Resources */,
				6BE1A6552A8E4A6B004747C1 /* Ubuntu-Medium.ttf in Resources */,
				6BE1A6332A8E2D9A004747C1 /* LaunchScreen.storyboard in Resources */,
				6BE1A6302A8E2D9A004747C1 /* Assets.xcassets in Resources */,
				6BE1A6562A8E4A6B004747C1 /* Ubuntu-Light.ttf in Resources */,
				6BE1A6532A8E4A6B004747C1 /* Ubuntu-MediumItalic.ttf in Resources */,
				6BE1A6592A8E4A6B004747C1 /* Ubuntu-Bold.ttf in Resources */,
				6BE1A6942A8EC89D004747C1 /* ProductTableCell.xib in Resources */,
			);
			runOnlyForDeploymentPostprocessing = 0;
		};
/* End PBXResourcesBuildPhase section */

/* Begin PBXShellScriptBuildPhase section */
		88F8916683B26E59B7631F24 /* [CP] Check Pods Manifest.lock */ = {
			isa = PBXShellScriptBuildPhase;
			buildActionMask = 2147483647;
			files = (
			);
			inputFileListPaths = (
			);
			inputPaths = (
				"${PODS_PODFILE_DIR_PATH}/Podfile.lock",
				"${PODS_ROOT}/Manifest.lock",
			);
			name = "[CP] Check Pods Manifest.lock";
			outputFileListPaths = (
			);
			outputPaths = (
				"$(DERIVED_FILE_DIR)/Pods-ypk_case-checkManifestLockResult.txt",
			);
			runOnlyForDeploymentPostprocessing = 0;
			shellPath = /bin/sh;
			shellScript = "diff \"${PODS_PODFILE_DIR_PATH}/Podfile.lock\" \"${PODS_ROOT}/Manifest.lock\" > /dev/null\nif [ $? != 0 ] ; then\n    # print error to STDERR\n    echo \"error: The sandbox is not in sync with the Podfile.lock. Run 'pod install' or update your CocoaPods installation.\" >&2\n    exit 1\nfi\n# This output is used by Xcode 'outputs' to avoid re-running this script phase.\necho \"SUCCESS\" > \"${SCRIPT_OUTPUT_FILE_0}\"\n";
			showEnvVarsInLog = 0;
		};
		DDB497065A66213007DA6390 /* [CP] Embed Pods Frameworks */ = {
			isa = PBXShellScriptBuildPhase;
			buildActionMask = 2147483647;
			files = (
			);
			inputFileListPaths = (
				"${PODS_ROOT}/Target Support Files/Pods-ypk_case/Pods-ypk_case-frameworks-${CONFIGURATION}-input-files.xcfilelist",
			);
			name = "[CP] Embed Pods Frameworks";
			outputFileListPaths = (
				"${PODS_ROOT}/Target Support Files/Pods-ypk_case/Pods-ypk_case-frameworks-${CONFIGURATION}-output-files.xcfilelist",
			);
			runOnlyForDeploymentPostprocessing = 0;
			shellPath = /bin/sh;
			shellScript = "\"${PODS_ROOT}/Target Support Files/Pods-ypk_case/Pods-ypk_case-frameworks.sh\"\n";
			showEnvVarsInLog = 0;
		};
/* End PBXShellScriptBuildPhase section */

/* Begin PBXSourcesBuildPhase section */
		6BE1A61C2A8E2D99004747C1 /* Sources */ = {
			isa = PBXSourcesBuildPhase;
			buildActionMask = 2147483647;
			files = (
				6BE1A6822A8EB52A004747C1 /* LoginResponseModel.swift in Sources */,
				6BE1A6432A8E49B5004747C1 /* BaseViewController.swift in Sources */,
				6BE1A6472A8E49CE004747C1 /* BaseNavigationController.swift in Sources */,
				6BE1A66F2A8E5BE1004747C1 /* UIView+Extension.swift in Sources */,
				6BE1A68E2A8EC300004747C1 /* ProducListRequest.swift in Sources */,
				6BE1A6662A8E4D69004747C1 /* LoginViewController.swift in Sources */,
				6BE1A62E2A8E2D99004747C1 /* ypk_case.xcdatamodeld in Sources */,
				6BE1A6772A8E61BE004747C1 /* LoginRequest.swift in Sources */,
				6BE1A6452A8E49BF004747C1 /* BaseTabbarController.swift in Sources */,
				6BE1A6792A8E829E004747C1 /* UILabel+Extension.swift in Sources */,
				6BE1A6282A8E2D99004747C1 /* HomeViewController.swift in Sources */,
				6BE1A69D2A8F8BE3004747C1 /* ProductDetailViewController.swift in Sources */,
				6BE1A6732A8E6151004747C1 /* NetworkHelper.swift in Sources */,
				6BE1A6632A8E4D47004747C1 /* SplashScreen.swift in Sources */,
				6BE1A6932A8EC89D004747C1 /* ProductTableCell.swift in Sources */,
				6BE1A6982A8ECE05004747C1 /* LoginRequestModel.swift in Sources */,
				6BE1A6752A8E615E004747C1 /* NetworkManager.swift in Sources */,
				6BE1A6602A8E4D17004747C1 /* BasketViewController.swift in Sources */,
				6BE1A66A2A8E51F4004747C1 /* CellHelper.swift in Sources */,
				6BE1A69A2A8F8A15004747C1 /* UIImageView+Extension.swift in Sources */,
				6BE1A69F2A8FBFCB004747C1 /* AppUtilities.swift in Sources */,
				6BE1A6682A8E4D77004747C1 /* RegisterViewController.swift in Sources */,
				6BE1A6242A8E2D99004747C1 /* AppDelegate.swift in Sources */,
				6BA957A52A8FD45800646885 /* BaseViewModel.swift in Sources */,
				6BE1A68C2A8EC24B004747C1 /* ProductResponseModel.swift in Sources */,
				6BE1A6262A8E2D99004747C1 /* SceneDelegate.swift in Sources */,
				6BE1A6842A8EB585004747C1 /* LoginViewModel.swift in Sources */,
				6BE1A6902A8EC365004747C1 /* ProductViewModel.swift in Sources */,
				6BE1A6962A8ECC7E004747C1 /* UIWindow+Extension.swift in Sources */,
			);
			runOnlyForDeploymentPostprocessing = 0;
		};
/* End PBXSourcesBuildPhase section */

/* Begin PBXVariantGroup section */
		6BE1A6312A8E2D9A004747C1 /* LaunchScreen.storyboard */ = {
			isa = PBXVariantGroup;
			children = (
				6BE1A6322A8E2D9A004747C1 /* Base */,
			);
			name = LaunchScreen.storyboard;
			sourceTree = "<group>";
		};
/* End PBXVariantGroup section */

/* Begin XCBuildConfiguration section */
		6BE1A6352A8E2D9A004747C1 /* Debug */ = {
			isa = XCBuildConfiguration;
			buildSettings = {
				ALWAYS_SEARCH_USER_PATHS = NO;
				CLANG_ANALYZER_NONNULL = YES;
				CLANG_ANALYZER_NUMBER_OBJECT_CONVERSION = YES_AGGRESSIVE;
				CLANG_CXX_LANGUAGE_STANDARD = "gnu++20";
				CLANG_ENABLE_MODULES = YES;
				CLANG_ENABLE_OBJC_ARC = YES;
				CLANG_ENABLE_OBJC_WEAK = YES;
				CLANG_WARN_BLOCK_CAPTURE_AUTORELEASING = YES;
				CLANG_WARN_BOOL_CONVERSION = YES;
				CLANG_WARN_COMMA = YES;
				CLANG_WARN_CONSTANT_CONVERSION = YES;
				CLANG_WARN_DEPRECATED_OBJC_IMPLEMENTATIONS = YES;
				CLANG_WARN_DIRECT_OBJC_ISA_USAGE = YES_ERROR;
				CLANG_WARN_DOCUMENTATION_COMMENTS = YES;
				CLANG_WARN_EMPTY_BODY = YES;
				CLANG_WARN_ENUM_CONVERSION = YES;
				CLANG_WARN_INFINITE_RECURSION = YES;
				CLANG_WARN_INT_CONVERSION = YES;
				CLANG_WARN_NON_LITERAL_NULL_CONVERSION = YES;
				CLANG_WARN_OBJC_IMPLICIT_RETAIN_SELF = YES;
				CLANG_WARN_OBJC_LITERAL_CONVERSION = YES;
				CLANG_WARN_OBJC_ROOT_CLASS = YES_ERROR;
				CLANG_WARN_QUOTED_INCLUDE_IN_FRAMEWORK_HEADER = YES;
				CLANG_WARN_RANGE_LOOP_ANALYSIS = YES;
				CLANG_WARN_STRICT_PROTOTYPES = YES;
				CLANG_WARN_SUSPICIOUS_MOVE = YES;
				CLANG_WARN_UNGUARDED_AVAILABILITY = YES_AGGRESSIVE;
				CLANG_WARN_UNREACHABLE_CODE = YES;
				CLANG_WARN__DUPLICATE_METHOD_MATCH = YES;
				COPY_PHASE_STRIP = NO;
				DEBUG_INFORMATION_FORMAT = dwarf;
				ENABLE_STRICT_OBJC_MSGSEND = YES;
				ENABLE_TESTABILITY = YES;
				GCC_C_LANGUAGE_STANDARD = gnu11;
				GCC_DYNAMIC_NO_PIC = NO;
				GCC_NO_COMMON_BLOCKS = YES;
				GCC_OPTIMIZATION_LEVEL = 0;
				GCC_PREPROCESSOR_DEFINITIONS = (
					"DEBUG=1",
					"$(inherited)",
				);
				GCC_WARN_64_TO_32_BIT_CONVERSION = YES;
				GCC_WARN_ABOUT_RETURN_TYPE = YES_ERROR;
				GCC_WARN_UNDECLARED_SELECTOR = YES;
				GCC_WARN_UNINITIALIZED_AUTOS = YES_AGGRESSIVE;
				GCC_WARN_UNUSED_FUNCTION = YES;
				GCC_WARN_UNUSED_VARIABLE = YES;
				IPHONEOS_DEPLOYMENT_TARGET = 13.0;
				MTL_ENABLE_DEBUG_INFO = INCLUDE_SOURCE;
				MTL_FAST_MATH = YES;
				ONLY_ACTIVE_ARCH = YES;
				SDKROOT = iphoneos;
				SWIFT_ACTIVE_COMPILATION_CONDITIONS = DEBUG;
				SWIFT_OPTIMIZATION_LEVEL = "-Onone";
			};
			name = Debug;
		};
		6BE1A6362A8E2D9A004747C1 /* Release */ = {
			isa = XCBuildConfiguration;
			buildSettings = {
				ALWAYS_SEARCH_USER_PATHS = NO;
				CLANG_ANALYZER_NONNULL = YES;
				CLANG_ANALYZER_NUMBER_OBJECT_CONVERSION = YES_AGGRESSIVE;
				CLANG_CXX_LANGUAGE_STANDARD = "gnu++20";
				CLANG_ENABLE_MODULES = YES;
				CLANG_ENABLE_OBJC_ARC = YES;
				CLANG_ENABLE_OBJC_WEAK = YES;
				CLANG_WARN_BLOCK_CAPTURE_AUTORELEASING = YES;
				CLANG_WARN_BOOL_CONVERSION = YES;
				CLANG_WARN_COMMA = YES;
				CLANG_WARN_CONSTANT_CONVERSION = YES;
				CLANG_WARN_DEPRECATED_OBJC_IMPLEMENTATIONS = YES;
				CLANG_WARN_DIRECT_OBJC_ISA_USAGE = YES_ERROR;
				CLANG_WARN_DOCUMENTATION_COMMENTS = YES;
				CLANG_WARN_EMPTY_BODY = YES;
				CLANG_WARN_ENUM_CONVERSION = YES;
				CLANG_WARN_INFINITE_RECURSION = YES;
				CLANG_WARN_INT_CONVERSION = YES;
				CLANG_WARN_NON_LITERAL_NULL_CONVERSION = YES;
				CLANG_WARN_OBJC_IMPLICIT_RETAIN_SELF = YES;
				CLANG_WARN_OBJC_LITERAL_CONVERSION = YES;
				CLANG_WARN_OBJC_ROOT_CLASS = YES_ERROR;
				CLANG_WARN_QUOTED_INCLUDE_IN_FRAMEWORK_HEADER = YES;
				CLANG_WARN_RANGE_LOOP_ANALYSIS = YES;
				CLANG_WARN_STRICT_PROTOTYPES = YES;
				CLANG_WARN_SUSPICIOUS_MOVE = YES;
				CLANG_WARN_UNGUARDED_AVAILABILITY = YES_AGGRESSIVE;
				CLANG_WARN_UNREACHABLE_CODE = YES;
				CLANG_WARN__DUPLICATE_METHOD_MATCH = YES;
				COPY_PHASE_STRIP = NO;
				DEBUG_INFORMATION_FORMAT = "dwarf-with-dsym";
				ENABLE_NS_ASSERTIONS = NO;
				ENABLE_STRICT_OBJC_MSGSEND = YES;
				GCC_C_LANGUAGE_STANDARD = gnu11;
				GCC_NO_COMMON_BLOCKS = YES;
				GCC_WARN_64_TO_32_BIT_CONVERSION = YES;
				GCC_WARN_ABOUT_RETURN_TYPE = YES_ERROR;
				GCC_WARN_UNDECLARED_SELECTOR = YES;
				GCC_WARN_UNINITIALIZED_AUTOS = YES_AGGRESSIVE;
				GCC_WARN_UNUSED_FUNCTION = YES;
				GCC_WARN_UNUSED_VARIABLE = YES;
				IPHONEOS_DEPLOYMENT_TARGET = 13.0;
				MTL_ENABLE_DEBUG_INFO = NO;
				MTL_FAST_MATH = YES;
				SDKROOT = iphoneos;
				SWIFT_COMPILATION_MODE = wholemodule;
				SWIFT_OPTIMIZATION_LEVEL = "-O";
				VALIDATE_PRODUCT = YES;
			};
			name = Release;
		};
		6BE1A6382A8E2D9A004747C1 /* Debug */ = {
			isa = XCBuildConfiguration;
			baseConfigurationReference = B18F7A5FE6D771152A9E84FE /* Pods-ypk_case.debug.xcconfig */;
			buildSettings = {
				ASSETCATALOG_COMPILER_APPICON_NAME = AppIcon;
				ASSETCATALOG_COMPILER_GLOBAL_ACCENT_COLOR_NAME = AccentColor;
				CODE_SIGN_STYLE = Automatic;
				CURRENT_PROJECT_VERSION = 1;
				DEVELOPMENT_TEAM = 2B2355P26S;
				GENERATE_INFOPLIST_FILE = YES;
				INFOPLIST_FILE = ypk_case/Resources/Info.plist;
				INFOPLIST_KEY_CFBundleDisplayName = "Fake Shopping";
				INFOPLIST_KEY_UIApplicationSupportsIndirectInputEvents = YES;
				INFOPLIST_KEY_UILaunchStoryboardName = LaunchScreen;
				INFOPLIST_KEY_UIStatusBarStyle = "";
				INFOPLIST_KEY_UISupportedInterfaceOrientations = UIInterfaceOrientationPortrait;
				LD_RUNPATH_SEARCH_PATHS = (
					"$(inherited)",
					"@executable_path/Frameworks",
				);
				MARKETING_VERSION = 1.0.0;
				PRODUCT_BUNDLE_IDENTIFIER = "com.ilkaysever.ypk-case";
				PRODUCT_NAME = "$(TARGET_NAME)";
				SWIFT_EMIT_LOC_STRINGS = YES;
				SWIFT_VERSION = 5.0;
				TARGETED_DEVICE_FAMILY = "1,2";
			};
			name = Debug;
		};
		6BE1A6392A8E2D9A004747C1 /* Release */ = {
			isa = XCBuildConfiguration;
			baseConfigurationReference = B1CDD8D280AF1483A6350494 /* Pods-ypk_case.release.xcconfig */;
			buildSettings = {
				ASSETCATALOG_COMPILER_APPICON_NAME = AppIcon;
				ASSETCATALOG_COMPILER_GLOBAL_ACCENT_COLOR_NAME = AccentColor;
				CODE_SIGN_STYLE = Automatic;
				CURRENT_PROJECT_VERSION = 1;
				DEVELOPMENT_TEAM = 2B2355P26S;
				GENERATE_INFOPLIST_FILE = YES;
				INFOPLIST_FILE = ypk_case/Resources/Info.plist;
				INFOPLIST_KEY_CFBundleDisplayName = "Fake Shopping";
				INFOPLIST_KEY_UIApplicationSupportsIndirectInputEvents = YES;
				INFOPLIST_KEY_UILaunchStoryboardName = LaunchScreen;
				INFOPLIST_KEY_UIStatusBarStyle = "";
				INFOPLIST_KEY_UISupportedInterfaceOrientations = UIInterfaceOrientationPortrait;
				LD_RUNPATH_SEARCH_PATHS = (
					"$(inherited)",
					"@executable_path/Frameworks",
				);
				MARKETING_VERSION = 1.0.0;
				PRODUCT_BUNDLE_IDENTIFIER = "com.ilkaysever.ypk-case";
				PRODUCT_NAME = "$(TARGET_NAME)";
				SWIFT_EMIT_LOC_STRINGS = YES;
				SWIFT_VERSION = 5.0;
				TARGETED_DEVICE_FAMILY = "1,2";
			};
			name = Release;
		};
/* End XCBuildConfiguration section */

/* Begin XCConfigurationList section */
		6BE1A61B2A8E2D99004747C1 /* Build configuration list for PBXProject "ypk_case" */ = {
			isa = XCConfigurationList;
			buildConfigurations = (
				6BE1A6352A8E2D9A004747C1 /* Debug */,
				6BE1A6362A8E2D9A004747C1 /* Release */,
			);
			defaultConfigurationIsVisible = 0;
			defaultConfigurationName = Release;
		};
		6BE1A6372A8E2D9A004747C1 /* Build configuration list for PBXNativeTarget "ypk_case" */ = {
			isa = XCConfigurationList;
			buildConfigurations = (
				6BE1A6382A8E2D9A004747C1 /* Debug */,
				6BE1A6392A8E2D9A004747C1 /* Release */,
			);
			defaultConfigurationIsVisible = 0;
			defaultConfigurationName = Release;
		};
/* End XCConfigurationList section */

/* Begin XCVersionGroup section */
		6BE1A62C2A8E2D99004747C1 /* ypk_case.xcdatamodeld */ = {
			isa = XCVersionGroup;
			children = (
				6BE1A62D2A8E2D99004747C1 /* ypk_case.xcdatamodel */,
			);
			currentVersion = 6BE1A62D2A8E2D99004747C1 /* ypk_case.xcdatamodel */;
			path = ypk_case.xcdatamodeld;
			sourceTree = "<group>";
			versionGroupType = wrapper.xcdatamodel;
		};
/* End XCVersionGroup section */
	};
	rootObject = 6BE1A6182A8E2D99004747C1 /* Project object */;
}
